{
  "version": 4,
  "terraform_version": "0.14.9",
  "serial": 8,
  "lineage": "0bb96e59-0cfa-5ae1-50f5-a4c6e956017d",
  "outputs": {},
  "resources": [
    {
      "module": "module.application-rg",
      "mode": "managed",
      "type": "azurerm_resource_group",
      "name": "resource-group",
      "provider": "provider[\"registry.terraform.io/hashicorp/azurerm\"]",
      "instances": [
        {
          "index_key": 0,
          "schema_version": 0,
          "attributes": {
            "id": "/subscriptions/0b3d39cb-e454-4f00-a69c-df13d0bd46ad/resourceGroups/rg-ads-eus2-edh-preprd-adf-005",
            "location": "eastus",
            "name": "rg-ads-eus2-edh-preprd-adf-005",
            "tags": {
              "AppId": "TBD",
              "DataClassification": "CONFIDENTIAL",
              "Role": "Tools",
              "SupportGroup": "ADCS.Cloud.Infrastructure",
              "environment": "dev"
            },
            "timeouts": null
          },
          "sensitive_attributes": [],
          "private": "eyJlMmJmYjczMC1lY2FhLTExZTYtOGY4OC0zNDM2M2JjN2M0YzAiOnsiY3JlYXRlIjo1NDAwMDAwMDAwMDAwLCJkZWxldGUiOjU0MDAwMDAwMDAwMDAsInJlYWQiOjMwMDAwMDAwMDAwMCwidXBkYXRlIjo1NDAwMDAwMDAwMDAwfX0="
        },
        {
          "index_key": 1,
          "schema_version": 0,
          "attributes": {
            "id": "/subscriptions/0b3d39cb-e454-4f00-a69c-df13d0bd46ad/resourceGroups/rg-ads-eus2-edh-preprd-appin-005",
            "location": "eastus",
            "name": "rg-ads-eus2-edh-preprd-appin-005",
            "tags": {
              "AppId": "TBD",
              "DataClassification": "CONFIDENTIAL",
              "Role": "Tools",
              "SupportGroup": "ADCS.Cloud.Infrastructure",
              "environment": "dev"
            },
            "timeouts": null
          },
          "sensitive_attributes": [],
          "private": "eyJlMmJmYjczMC1lY2FhLTExZTYtOGY4OC0zNDM2M2JjN2M0YzAiOnsiY3JlYXRlIjo1NDAwMDAwMDAwMDAwLCJkZWxldGUiOjU0MDAwMDAwMDAwMDAsInJlYWQiOjMwMDAwMDAwMDAwMCwidXBkYXRlIjo1NDAwMDAwMDAwMDAwfX0="
        },
        {
          "index_key": 2,
          "schema_version": 0,
          "attributes": {
            "id": "/subscriptions/0b3d39cb-e454-4f00-a69c-df13d0bd46ad/resourceGroups/rg-ads-eus2-edh-preprd-appsvc-005",
            "location": "eastus",
            "name": "rg-ads-eus2-edh-preprd-appsvc-005",
            "tags": {
              "AppId": "TBD",
              "DataClassification": "CONFIDENTIAL",
              "Role": "Tools",
              "SupportGroup": "ADCS.Cloud.Infrastructure",
              "environment": "dev"
            },
            "timeouts": null
          },
          "sensitive_attributes": [],
          "private": "eyJlMmJmYjczMC1lY2FhLTExZTYtOGY4OC0zNDM2M2JjN2M0YzAiOnsiY3JlYXRlIjo1NDAwMDAwMDAwMDAwLCJkZWxldGUiOjU0MDAwMDAwMDAwMDAsInJlYWQiOjMwMDAwMDAwMDAwMCwidXBkYXRlIjo1NDAwMDAwMDAwMDAwfX0="
        },
        {
          "index_key": 3,
          "schema_version": 0,
          "attributes": {
            "id": "/subscriptions/0b3d39cb-e454-4f00-a69c-df13d0bd46ad/resourceGroups/rg-ads-eus2-edh-preprd-ctrm-005",
            "location": "eastus",
            "name": "rg-ads-eus2-edh-preprd-ctrm-005",
            "tags": {
              "AppId": "TBD",
              "DataClassification": "CONFIDENTIAL",
              "Role": "Tools",
              "SupportGroup": "ADCS.Cloud.Infrastructure",
              "environment": "dev"
            },
            "timeouts": null
          },
          "sensitive_attributes": [],
          "private": "eyJlMmJmYjczMC1lY2FhLTExZTYtOGY4OC0zNDM2M2JjN2M0YzAiOnsiY3JlYXRlIjo1NDAwMDAwMDAwMDAwLCJkZWxldGUiOjU0MDAwMDAwMDAwMDAsInJlYWQiOjMwMDAwMDAwMDAwMCwidXBkYXRlIjo1NDAwMDAwMDAwMDAwfX0="
        },
        {
          "index_key": 4,
          "schema_version": 0,
          "attributes": {
            "id": "/subscriptions/0b3d39cb-e454-4f00-a69c-df13d0bd46ad/resourceGroups/rg-ads-eus2-edh-preprd-dbx-005",
            "location": "eastus",
            "name": "rg-ads-eus2-edh-preprd-dbx-005",
            "tags": {
              "AppId": "TBD",
              "DataClassification": "CONFIDENTIAL",
              "Role": "Tools",
              "SupportGroup": "ADCS.Cloud.Infrastructure",
              "environment": "dev"
            },
            "timeouts": null
          },
          "sensitive_attributes": [],
          "private": "eyJlMmJmYjczMC1lY2FhLTExZTYtOGY4OC0zNDM2M2JjN2M0YzAiOnsiY3JlYXRlIjo1NDAwMDAwMDAwMDAwLCJkZWxldGUiOjU0MDAwMDAwMDAwMDAsInJlYWQiOjMwMDAwMDAwMDAwMCwidXBkYXRlIjo1NDAwMDAwMDAwMDAwfX0="
        },
        {
          "index_key": 5,
          "schema_version": 0,
          "attributes": {
            "id": "/subscriptions/0b3d39cb-e454-4f00-a69c-df13d0bd46ad/resourceGroups/rg-ads-eus2-edh-preprd-dls2-005",
            "location": "eastus",
            "name": "rg-ads-eus2-edh-preprd-dls2-005",
            "tags": {
              "AppId": "TBD",
              "DataClassification": "CONFIDENTIAL",
              "Role": "Tools",
              "SupportGroup": "ADCS.Cloud.Infrastructure",
              "environment": "dev"
            },
            "timeouts": null
          },
          "sensitive_attributes": [],
          "private": "eyJlMmJmYjczMC1lY2FhLTExZTYtOGY4OC0zNDM2M2JjN2M0YzAiOnsiY3JlYXRlIjo1NDAwMDAwMDAwMDAwLCJkZWxldGUiOjU0MDAwMDAwMDAwMDAsInJlYWQiOjMwMDAwMDAwMDAwMCwidXBkYXRlIjo1NDAwMDAwMDAwMDAwfX0="
        },
        {
          "index_key": 6,
          "schema_version": 0,
          "attributes": {
            "id": "/subscriptions/0b3d39cb-e454-4f00-a69c-df13d0bd46ad/resourceGroups/rg-ads-eus2-edh-preprd-syn-005",
            "location": "eastus",
            "name": "rg-ads-eus2-edh-preprd-syn-005",
            "tags": {
              "AppId": "TBD",
              "DataClassification": "CONFIDENTIAL",
              "Role": "Tools",
              "SupportGroup": "ADCS.Cloud.Infrastructure",
              "environment": "dev"
            },
            "timeouts": null
          },
          "sensitive_attributes": [],
          "private": "eyJlMmJmYjczMC1lY2FhLTExZTYtOGY4OC0zNDM2M2JjN2M0YzAiOnsiY3JlYXRlIjo1NDAwMDAwMDAwMDAwLCJkZWxldGUiOjU0MDAwMDAwMDAwMDAsInJlYWQiOjMwMDAwMDAwMDAwMCwidXBkYXRlIjo1NDAwMDAwMDAwMDAwfX0="
        }
      ]
    },
    {
      "module": "module.databricks-workspace",
      "mode": "managed",
      "type": "azurerm_databricks_workspace",
      "name": "module-databricks",
      "provider": "provider[\"registry.terraform.io/hashicorp/azurerm\"]",
      "instances": [
        {
          "schema_version": 0,
          "attributes": {
            "custom_parameters": [
              {
                "machine_learning_workspace_id": null,
                "nat_gateway_name": null,
                "no_public_ip": null,
                "private_subnet_name": null,
                "private_subnet_network_security_group_association_id": null,
                "public_ip_name": null,
                "public_subnet_name": null,
                "public_subnet_network_security_group_association_id": null,
                "storage_account_name": null,
                "storage_account_sku_name": null,
                "virtual_network_id": null,
                "vnet_address_prefix": null
              }
            ],
            "customer_managed_key_enabled": false,
            "id": "/subscriptions/0b3d39cb-e454-4f00-a69c-df13d0bd46ad/resourceGroups/rg-ads-eus2-edh-preprd-dbx-001/providers/Microsoft.Databricks/workspaces/dbx-ads-eus2-edh-preprd-003",
            "infrastructure_encryption_enabled": false,
            "load_balancer_backend_address_pool_id": "",
            "location": "eastus",
            "managed_resource_group_id": "/subscriptions/0b3d39cb-e454-4f00-a69c-df13d0bd46ad/resourceGroups/databricks-rg-rg-ads-eus2-edh-preprd-dbx-001",
            "managed_resource_group_name": "databricks-rg-rg-ads-eus2-edh-preprd-dbx-001",
            "managed_services_cmk_key_vault_key_id": null,
            "name": "dbx-ads-eus2-edh-preprd-003",
            "network_security_group_rules_required": null,
            "public_network_access_enabled": true,
            "resource_group_name": "rg-ads-eus2-edh-preprd-dbx-001",
            "sku": "premium",
            "storage_account_identity": [],
            "tags": {
              "AppId": "TBD",
              "DataClassification": "CONFIDENTIAL",
              "Role": "Tools",
              "SupportGroup": "ADCS.Cloud.Infrastructure",
              "application": "databricks",
              "databricks-environment": "true",
              "environment": "dev"
            },
            "timeouts": null,
            "workspace_id": null,
            "workspace_url": null
          },
          "sensitive_attributes": [],
          "private": "eyJlMmJmYjczMC1lY2FhLTExZTYtOGY4OC0zNDM2M2JjN2M0YzAiOnsiY3JlYXRlIjoxODAwMDAwMDAwMDAwLCJkZWxldGUiOjE4MDAwMDAwMDAwMDAsInJlYWQiOjMwMDAwMDAwMDAwMCwidXBkYXRlIjoxODAwMDAwMDAwMDAwfX0=",
          "dependencies": [
            "module.application-rg.azurerm_resource_group.resource-group"
          ]
        }
      ]
    }
  ]
}
