{
  "version": 4,
  "terraform_version": "0.14.9",
  "serial": 6,
  "lineage": "0bb96e59-0cfa-5ae1-50f5-a4c6e956017d",
  "outputs": {},
  "resources": [
    {
      "module": "module.application-rg",
      "mode": "managed",
      "type": "azurerm_resource_group",
      "name": "resource-group",
      "provider": "provider[\"registry.terraform.io/hashicorp/azurerm\"]",
      "instances": [
        {
          "index_key": 0,
          "schema_version": 0,
          "attributes": {
            "id": "/subscriptions/0b3d39cb-e454-4f00-a69c-df13d0bd46ad/resourceGroups/rg-ads-eus2-edh-preprd-adf-005",
            "location": "eastus",
            "name": "rg-ads-eus2-edh-preprd-adf-005",
            "tags": {
              "AppId": "TBD",
              "DataClassification": "CONFIDENTIAL",
              "Role": "Tools",
              "SupportGroup": "ADCS.Cloud.Infrastructure",
              "environment": "dev"
            },
            "timeouts": null
          },
          "sensitive_attributes": [],
          "private": "eyJlMmJmYjczMC1lY2FhLTExZTYtOGY4OC0zNDM2M2JjN2M0YzAiOnsiY3JlYXRlIjo1NDAwMDAwMDAwMDAwLCJkZWxldGUiOjU0MDAwMDAwMDAwMDAsInJlYWQiOjMwMDAwMDAwMDAwMCwidXBkYXRlIjo1NDAwMDAwMDAwMDAwfX0="
        },
        {
          "index_key": 1,
          "schema_version": 0,
          "attributes": {
            "id": "/subscriptions/0b3d39cb-e454-4f00-a69c-df13d0bd46ad/resourceGroups/rg-ads-eus2-edh-preprd-appin-005",
            "location": "eastus",
            "name": "rg-ads-eus2-edh-preprd-appin-005",
            "tags": {
              "AppId": "TBD",
              "DataClassification": "CONFIDENTIAL",
              "Role": "Tools",
              "SupportGroup": "ADCS.Cloud.Infrastructure",
              "environment": "dev"
            },
            "timeouts": null
          },
          "sensitive_attributes": [],
          "private": "eyJlMmJmYjczMC1lY2FhLTExZTYtOGY4OC0zNDM2M2JjN2M0YzAiOnsiY3JlYXRlIjo1NDAwMDAwMDAwMDAwLCJkZWxldGUiOjU0MDAwMDAwMDAwMDAsInJlYWQiOjMwMDAwMDAwMDAwMCwidXBkYXRlIjo1NDAwMDAwMDAwMDAwfX0="
        },
        {
          "index_key": 2,
          "schema_version": 0,
          "attributes": {
            "id": "/subscriptions/0b3d39cb-e454-4f00-a69c-df13d0bd46ad/resourceGroups/rg-ads-eus2-edh-preprd-appsvc-005",
            "location": "eastus",
            "name": "rg-ads-eus2-edh-preprd-appsvc-005",
            "tags": {
              "AppId": "TBD",
              "DataClassification": "CONFIDENTIAL",
              "Role": "Tools",
              "SupportGroup": "ADCS.Cloud.Infrastructure",
              "environment": "dev"
            },
            "timeouts": null
          },
          "sensitive_attributes": [],
          "private": "eyJlMmJmYjczMC1lY2FhLTExZTYtOGY4OC0zNDM2M2JjN2M0YzAiOnsiY3JlYXRlIjo1NDAwMDAwMDAwMDAwLCJkZWxldGUiOjU0MDAwMDAwMDAwMDAsInJlYWQiOjMwMDAwMDAwMDAwMCwidXBkYXRlIjo1NDAwMDAwMDAwMDAwfX0="
        },
        {
          "index_key": 3,
          "schema_version": 0,
          "attributes": {
            "id": "/subscriptions/0b3d39cb-e454-4f00-a69c-df13d0bd46ad/resourceGroups/rg-ads-eus2-edh-preprd-ctrm-005",
            "location": "eastus",
            "name": "rg-ads-eus2-edh-preprd-ctrm-005",
            "tags": {
              "AppId": "TBD",
              "DataClassification": "CONFIDENTIAL",
              "Role": "Tools",
              "SupportGroup": "ADCS.Cloud.Infrastructure",
              "environment": "dev"
            },
            "timeouts": null
          },
          "sensitive_attributes": [],
          "private": "eyJlMmJmYjczMC1lY2FhLTExZTYtOGY4OC0zNDM2M2JjN2M0YzAiOnsiY3JlYXRlIjo1NDAwMDAwMDAwMDAwLCJkZWxldGUiOjU0MDAwMDAwMDAwMDAsInJlYWQiOjMwMDAwMDAwMDAwMCwidXBkYXRlIjo1NDAwMDAwMDAwMDAwfX0="
        },
        {
          "index_key": 4,
          "schema_version": 0,
          "attributes": {
            "id": "/subscriptions/0b3d39cb-e454-4f00-a69c-df13d0bd46ad/resourceGroups/rg-ads-eus2-edh-preprd-dbx-005",
            "location": "eastus",
            "name": "rg-ads-eus2-edh-preprd-dbx-005",
            "tags": {
              "AppId": "TBD",
              "DataClassification": "CONFIDENTIAL",
              "Role": "Tools",
              "SupportGroup": "ADCS.Cloud.Infrastructure",
              "environment": "dev"
            },
            "timeouts": null
          },
          "sensitive_attributes": [],
          "private": "eyJlMmJmYjczMC1lY2FhLTExZTYtOGY4OC0zNDM2M2JjN2M0YzAiOnsiY3JlYXRlIjo1NDAwMDAwMDAwMDAwLCJkZWxldGUiOjU0MDAwMDAwMDAwMDAsInJlYWQiOjMwMDAwMDAwMDAwMCwidXBkYXRlIjo1NDAwMDAwMDAwMDAwfX0="
        },
        {
          "index_key": 5,
          "schema_version": 0,
          "attributes": {
            "id": "/subscriptions/0b3d39cb-e454-4f00-a69c-df13d0bd46ad/resourceGroups/rg-ads-eus2-edh-preprd-dls2-005",
            "location": "eastus",
            "name": "rg-ads-eus2-edh-preprd-dls2-005",
            "tags": {
              "AppId": "TBD",
              "DataClassification": "CONFIDENTIAL",
              "Role": "Tools",
              "SupportGroup": "ADCS.Cloud.Infrastructure",
              "environment": "dev"
            },
            "timeouts": null
          },
          "sensitive_attributes": [],
          "private": "eyJlMmJmYjczMC1lY2FhLTExZTYtOGY4OC0zNDM2M2JjN2M0YzAiOnsiY3JlYXRlIjo1NDAwMDAwMDAwMDAwLCJkZWxldGUiOjU0MDAwMDAwMDAwMDAsInJlYWQiOjMwMDAwMDAwMDAwMCwidXBkYXRlIjo1NDAwMDAwMDAwMDAwfX0="
        },
        {
          "index_key": 6,
          "schema_version": 0,
          "attributes": {
            "id": "/subscriptions/0b3d39cb-e454-4f00-a69c-df13d0bd46ad/resourceGroups/rg-ads-eus2-edh-preprd-syn-005",
            "location": "eastus",
            "name": "rg-ads-eus2-edh-preprd-syn-005",
            "tags": {
              "AppId": "TBD",
              "DataClassification": "CONFIDENTIAL",
              "Role": "Tools",
              "SupportGroup": "ADCS.Cloud.Infrastructure",
              "environment": "dev"
            },
            "timeouts": null
          },
          "sensitive_attributes": [],
          "private": "eyJlMmJmYjczMC1lY2FhLTExZTYtOGY4OC0zNDM2M2JjN2M0YzAiOnsiY3JlYXRlIjo1NDAwMDAwMDAwMDAwLCJkZWxldGUiOjU0MDAwMDAwMDAwMDAsInJlYWQiOjMwMDAwMDAwMDAwMCwidXBkYXRlIjo1NDAwMDAwMDAwMDAwfX0="
        }
      ]
    }
  ]
}
